{
  "nodes": {
    "nixpkgs": {
      "locked": {
        "lastModified": 1681060046,
        "narHash": "sha256-4PxRrkpFsM/CENghOOa4RAvEm+5BLN8gIkPUEA/LOPM=",
        "owner": "nixos",
        "repo": "nixpkgs",
        "rev": "be76fdd339b4a6686baefce6614849449082ff1a",
        "type": "github"
      },
      "original": {
        "owner": "nixos",
        "repo": "nixpkgs",
        "type": "github"
      }
    },
    "root": {
      "inputs": {
        "nixpkgs": "nixpkgs"
      }
    }
  },
  "root": "root",
  "version": 7
}
